
Microsoft Visual Studio Solution File, Format Version 12.00
# Visual Studio Version 16
VisualStudioVersion = 16.0.29806.167
MinimumVisualStudioVersion = 10.0.40219.1
Project("{9A19103F-16F7-4668-BE54-9A1E7A4F7556}") = "BinarySearch", "BinarySearch\BinarySearch.csproj", "{7A17F64A-B521-4850-9741-8747AC00F296}"
EndProject
Project("{FAE04EC0-301F-11D3-BF4B-00C04F79EFBC}") = "XUnitTestProject1", "XUnitTestProject1\XUnitTestProject1.csproj", "{CF1D1AA0-688C-49F1-8513-C9CE1227CFF1}"
EndProject
Global
	GlobalSection(SolutionConfigurationPlatforms) = preSolution
		Debug|Any CPU = Debug|Any CPU
		Release|Any CPU = Release|Any CPU
	EndGlobalSection
	GlobalSection(ProjectConfigurationPlatforms) = postSolution
		{7A17F64A-B521-4850-9741-8747AC00F296}.Debug|Any CPU.ActiveCfg = Debug|Any CPU
		{7A17F64A-B521-4850-9741-8747AC00F296}.Debug|Any CPU.Build.0 = Debug|Any CPU
		{7A17F64A-B521-4850-9741-8747AC00F296}.Release|Any CPU.ActiveCfg = Release|Any CPU
		{7A17F64A-B521-4850-9741-8747AC00F296}.Release|Any CPU.Build.0 = Release|Any CPU
		{CF1D1AA0-688C-49F1-8513-C9CE1227CFF1}.Debug|Any CPU.ActiveCfg = Debug|Any CPU
		{CF1D1AA0-688C-49F1-8513-C9CE1227CFF1}.Debug|Any CPU.Build.0 = Debug|Any CPU
		{CF1D1AA0-688C-49F1-8513-C9CE1227CFF1}.Release|Any CPU.ActiveCfg = Release|Any CPU
		{CF1D1AA0-688C-49F1-8513-C9CE1227CFF1}.Release|Any CPU.Build.0 = Release|Any CPU
	EndGlobalSection
	GlobalSection(SolutionProperties) = preSolution
		HideSolutionNode = FALSE
	EndGlobalSection
	GlobalSection(ExtensibilityGlobals) = postSolution
		SolutionGuid = {DFFC78BD-D41C-4883-A7CF-8812CADA858E}
	EndGlobalSection
EndGlobal
